
Microsoft Visual Studio Solution File, Format Version 12.00
# Visual Studio 15
VisualStudioVersion = 15.0.28010.2041
MinimumVisualStudioVersion = 10.0.40219.1
Project("{FAE04EC0-301F-11D3-BF4B-00C04F79EFBC}") = "01_Value_Types", "01_Value_Types\01_Value_Types.csproj", "{A18F95CE-377F-45DA-8493-E93A908296CD}"
EndProject
Project("{FAE04EC0-301F-11D3-BF4B-00C04F79EFBC}") = "01_Value_Types_Business_Problem", "01_Value_Types_Business_Problem\01_Value_Types_Business_Problem.csproj", "{F942AD27-AE4F-44EC-BE6A-3EA3572AFB7A}"
EndProject
Project("{FAE04EC0-301F-11D3-BF4B-00C04F79EFBC}") = "02_Reference_Types", "02_Reference_Types\02_Reference_Types.csproj", "{39A8BDD1-E7D8-4A64-B426-B1C83765D0AA}"
EndProject
Project("{FAE04EC0-301F-11D3-BF4B-00C04F79EFBC}") = "02_Reference_Types_Unit_Tests", "02_Reference_Types_Unit_Tests\02_Reference_Types_Unit_Tests.csproj", "{ED839C11-14C6-499A-8C64-57DF169078D5}"
EndProject
Project("{FAE04EC0-301F-11D3-BF4B-00C04F79EFBC}") = "03_Defining_Classes_1", "03_Defining_Classes_1\03_Defining_Classes_1.csproj", "{E9EA0B55-C08D-4172-8AAC-7DAC0F66FA49}"
EndProject
Project("{FAE04EC0-301F-11D3-BF4B-00C04F79EFBC}") = "03_Defining_Classes_1_Unit_Tests", "03_Defining_Classes_1_Unit_Tests\03_Defining_Classes_1_Unit_Tests.csproj", "{ECA0B261-18FC-4169-9B3D-A85138D1308B}"
EndProject
Project("{FAE04EC0-301F-11D3-BF4B-00C04F79EFBC}") = "04_Methods_And_Repository_Patterns", "04_Methods_And_Repository_Patterns\04_Methods_And_Repository_Patterns.csproj", "{D1B3EAD9-57BC-4824-BABC-D0AAB0DAB8A7}"
EndProject
Project("{FAE04EC0-301F-11D3-BF4B-00C04F79EFBC}") = "04_Employee_Repository", "04_Employee_Repository\04_Employee_Repository.csproj", "{224A9E3A-E437-4D41-B254-97E5103DFC66}"
EndProject
Project("{FAE04EC0-301F-11D3-BF4B-00C04F79EFBC}") = "04_Employee_UI", "04_Employee_UI\04_Employee_UI.csproj", "{A24CC70C-178B-4EB7-858B-4DD25C27F2AB}"
EndProject
Project("{FAE04EC0-301F-11D3-BF4B-00C04F79EFBC}") = "04_Challenge_1", "04_Challenge_1\04_Challenge_1.csproj", "{DFE46DFA-90A2-4749-8F7B-10A08B2C49EC}"
EndProject
Project("{FAE04EC0-301F-11D3-BF4B-00C04F79EFBC}") = "03_Defining_Classes_2", "03_Defining_Classes_2\03_Defining_Classes_2.csproj", "{3CF95A62-9061-49E5-B18D-9E0138F03847}"
EndProject
Project("{FAE04EC0-301F-11D3-BF4B-00C04F79EFBC}") = "03_Defining_Classes_2_UI", "03_Defining_Classes_2_UI\03_Defining_Classes_2_UI.csproj", "{811C1CBB-78DE-4DBD-9E94-FBD3365DD0E0}"
EndProject
Project("{FAE04EC0-301F-11D3-BF4B-00C04F79EFBC}") = "03_Defining_Classes_2_Unit_Tests", "03_Defining_Classes_2_Unit_Tests\03_Defining_Classes_2_Unit_Tests.csproj", "{9DB76302-EF39-4D17-A92C-2250451D1F0F}"
EndProject
Project("{FAE04EC0-301F-11D3-BF4B-00C04F79EFBC}") = "03_Defining_Classes_3", "03_Defining_Classes_3\03_Defining_Classes_3.csproj", "{0705924D-B409-42EA-8BAE-67F656AA300A}"
EndProject
Project("{FAE04EC0-301F-11D3-BF4B-00C04F79EFBC}") = "03_Defining_Classes_3_Unit_Tests", "03_Defining_Classes_3_Unit_Tests\03_Defining_Classes_3_Unit_Tests.csproj", "{865F7B09-FCAB-4955-A532-18B2612DAE69}"
EndProject
Project("{FAE04EC0-301F-11D3-BF4B-00C04F79EFBC}") = "03_Defining_Classes_4", "03_Defining_Classes_4\03_Defining_Classes_4.csproj", "{BB5F658B-D5B6-426C-9CAB-5058A148B840}"
EndProject
Project("{FAE04EC0-301F-11D3-BF4B-00C04F79EFBC}") = "03_Defining_Classes_4_Unit_Tests", "03_Defining_Classes_4_Unit_Tests\03_Defining_Classes_4_Unit_Tests.csproj", "{BE4711CB-7C73-4447-849D-63CF96DDCB6D}"
EndProject
Global
	GlobalSection(SolutionConfigurationPlatforms) = preSolution
		Debug|Any CPU = Debug|Any CPU
		Release|Any CPU = Release|Any CPU
	EndGlobalSection
	GlobalSection(ProjectConfigurationPlatforms) = postSolution
		{A18F95CE-377F-45DA-8493-E93A908296CD}.Debug|Any CPU.ActiveCfg = Debug|Any CPU
		{A18F95CE-377F-45DA-8493-E93A908296CD}.Debug|Any CPU.Build.0 = Debug|Any CPU
		{A18F95CE-377F-45DA-8493-E93A908296CD}.Release|Any CPU.ActiveCfg = Release|Any CPU
		{A18F95CE-377F-45DA-8493-E93A908296CD}.Release|Any CPU.Build.0 = Release|Any CPU
		{F942AD27-AE4F-44EC-BE6A-3EA3572AFB7A}.Debug|Any CPU.ActiveCfg = Debug|Any CPU
		{F942AD27-AE4F-44EC-BE6A-3EA3572AFB7A}.Debug|Any CPU.Build.0 = Debug|Any CPU
		{F942AD27-AE4F-44EC-BE6A-3EA3572AFB7A}.Release|Any CPU.ActiveCfg = Release|Any CPU
		{F942AD27-AE4F-44EC-BE6A-3EA3572AFB7A}.Release|Any CPU.Build.0 = Release|Any CPU
		{39A8BDD1-E7D8-4A64-B426-B1C83765D0AA}.Debug|Any CPU.ActiveCfg = Debug|Any CPU
		{39A8BDD1-E7D8-4A64-B426-B1C83765D0AA}.Debug|Any CPU.Build.0 = Debug|Any CPU
		{39A8BDD1-E7D8-4A64-B426-B1C83765D0AA}.Release|Any CPU.ActiveCfg = Release|Any CPU
		{39A8BDD1-E7D8-4A64-B426-B1C83765D0AA}.Release|Any CPU.Build.0 = Release|Any CPU
		{ED839C11-14C6-499A-8C64-57DF169078D5}.Debug|Any CPU.ActiveCfg = Debug|Any CPU
		{ED839C11-14C6-499A-8C64-57DF169078D5}.Debug|Any CPU.Build.0 = Debug|Any CPU
		{ED839C11-14C6-499A-8C64-57DF169078D5}.Release|Any CPU.ActiveCfg = Release|Any CPU
		{ED839C11-14C6-499A-8C64-57DF169078D5}.Release|Any CPU.Build.0 = Release|Any CPU
		{E9EA0B55-C08D-4172-8AAC-7DAC0F66FA49}.Debug|Any CPU.ActiveCfg = Debug|Any CPU
		{E9EA0B55-C08D-4172-8AAC-7DAC0F66FA49}.Debug|Any CPU.Build.0 = Debug|Any CPU
		{E9EA0B55-C08D-4172-8AAC-7DAC0F66FA49}.Release|Any CPU.ActiveCfg = Release|Any CPU
		{E9EA0B55-C08D-4172-8AAC-7DAC0F66FA49}.Release|Any CPU.Build.0 = Release|Any CPU
		{ECA0B261-18FC-4169-9B3D-A85138D1308B}.Debug|Any CPU.ActiveCfg = Debug|Any CPU
		{ECA0B261-18FC-4169-9B3D-A85138D1308B}.Debug|Any CPU.Build.0 = Debug|Any CPU
		{ECA0B261-18FC-4169-9B3D-A85138D1308B}.Release|Any CPU.ActiveCfg = Release|Any CPU
		{ECA0B261-18FC-4169-9B3D-A85138D1308B}.Release|Any CPU.Build.0 = Release|Any CPU
		{D1B3EAD9-57BC-4824-BABC-D0AAB0DAB8A7}.Debug|Any CPU.ActiveCfg = Debug|Any CPU
		{D1B3EAD9-57BC-4824-BABC-D0AAB0DAB8A7}.Debug|Any CPU.Build.0 = Debug|Any CPU
		{D1B3EAD9-57BC-4824-BABC-D0AAB0DAB8A7}.Release|Any CPU.ActiveCfg = Release|Any CPU
		{D1B3EAD9-57BC-4824-BABC-D0AAB0DAB8A7}.Release|Any CPU.Build.0 = Release|Any CPU
		{224A9E3A-E437-4D41-B254-97E5103DFC66}.Debug|Any CPU.ActiveCfg = Debug|Any CPU
		{224A9E3A-E437-4D41-B254-97E5103DFC66}.Debug|Any CPU.Build.0 = Debug|Any CPU
		{224A9E3A-E437-4D41-B254-97E5103DFC66}.Release|Any CPU.ActiveCfg = Release|Any CPU
		{224A9E3A-E437-4D41-B254-97E5103DFC66}.Release|Any CPU.Build.0 = Release|Any CPU
		{A24CC70C-178B-4EB7-858B-4DD25C27F2AB}.Debug|Any CPU.ActiveCfg = Debug|Any CPU
		{A24CC70C-178B-4EB7-858B-4DD25C27F2AB}.Debug|Any CPU.Build.0 = Debug|Any CPU
		{A24CC70C-178B-4EB7-858B-4DD25C27F2AB}.Release|Any CPU.ActiveCfg = Release|Any CPU
		{A24CC70C-178B-4EB7-858B-4DD25C27F2AB}.Release|Any CPU.Build.0 = Release|Any CPU
		{DFE46DFA-90A2-4749-8F7B-10A08B2C49EC}.Debug|Any CPU.ActiveCfg = Debug|Any CPU
		{DFE46DFA-90A2-4749-8F7B-10A08B2C49EC}.Debug|Any CPU.Build.0 = Debug|Any CPU
		{DFE46DFA-90A2-4749-8F7B-10A08B2C49EC}.Release|Any CPU.ActiveCfg = Release|Any CPU
		{DFE46DFA-90A2-4749-8F7B-10A08B2C49EC}.Release|Any CPU.Build.0 = Release|Any CPU
		{3CF95A62-9061-49E5-B18D-9E0138F03847}.Debug|Any CPU.ActiveCfg = Debug|Any CPU
		{3CF95A62-9061-49E5-B18D-9E0138F03847}.Debug|Any CPU.Build.0 = Debug|Any CPU
		{3CF95A62-9061-49E5-B18D-9E0138F03847}.Release|Any CPU.ActiveCfg = Release|Any CPU
		{3CF95A62-9061-49E5-B18D-9E0138F03847}.Release|Any CPU.Build.0 = Release|Any CPU
		{811C1CBB-78DE-4DBD-9E94-FBD3365DD0E0}.Debug|Any CPU.ActiveCfg = Debug|Any CPU
		{811C1CBB-78DE-4DBD-9E94-FBD3365DD0E0}.Debug|Any CPU.Build.0 = Debug|Any CPU
		{811C1CBB-78DE-4DBD-9E94-FBD3365DD0E0}.Release|Any CPU.ActiveCfg = Release|Any CPU
		{811C1CBB-78DE-4DBD-9E94-FBD3365DD0E0}.Release|Any CPU.Build.0 = Release|Any CPU
		{9DB76302-EF39-4D17-A92C-2250451D1F0F}.Debug|Any CPU.ActiveCfg = Debug|Any CPU
		{9DB76302-EF39-4D17-A92C-2250451D1F0F}.Debug|Any CPU.Build.0 = Debug|Any CPU
		{9DB76302-EF39-4D17-A92C-2250451D1F0F}.Release|Any CPU.ActiveCfg = Release|Any CPU
		{9DB76302-EF39-4D17-A92C-2250451D1F0F}.Release|Any CPU.Build.0 = Release|Any CPU
		{0705924D-B409-42EA-8BAE-67F656AA300A}.Debug|Any CPU.ActiveCfg = Debug|Any CPU
		{0705924D-B409-42EA-8BAE-67F656AA300A}.Debug|Any CPU.Build.0 = Debug|Any CPU
		{0705924D-B409-42EA-8BAE-67F656AA300A}.Release|Any CPU.ActiveCfg = Release|Any CPU
		{0705924D-B409-42EA-8BAE-67F656AA300A}.Release|Any CPU.Build.0 = Release|Any CPU
		{865F7B09-FCAB-4955-A532-18B2612DAE69}.Debug|Any CPU.ActiveCfg = Debug|Any CPU
		{865F7B09-FCAB-4955-A532-18B2612DAE69}.Debug|Any CPU.Build.0 = Debug|Any CPU
		{865F7B09-FCAB-4955-A532-18B2612DAE69}.Release|Any CPU.ActiveCfg = Release|Any CPU
		{865F7B09-FCAB-4955-A532-18B2612DAE69}.Release|Any CPU.Build.0 = Release|Any CPU
		{BB5F658B-D5B6-426C-9CAB-5058A148B840}.Debug|Any CPU.ActiveCfg = Debug|Any CPU
		{BB5F658B-D5B6-426C-9CAB-5058A148B840}.Debug|Any CPU.Build.0 = Debug|Any CPU
		{BB5F658B-D5B6-426C-9CAB-5058A148B840}.Release|Any CPU.ActiveCfg = Release|Any CPU
		{BB5F658B-D5B6-426C-9CAB-5058A148B840}.Release|Any CPU.Build.0 = Release|Any CPU
		{BE4711CB-7C73-4447-849D-63CF96DDCB6D}.Debug|Any CPU.ActiveCfg = Debug|Any CPU
		{BE4711CB-7C73-4447-849D-63CF96DDCB6D}.Debug|Any CPU.Build.0 = Debug|Any CPU
		{BE4711CB-7C73-4447-849D-63CF96DDCB6D}.Release|Any CPU.ActiveCfg = Release|Any CPU
		{BE4711CB-7C73-4447-849D-63CF96DDCB6D}.Release|Any CPU.Build.0 = Release|Any CPU
	EndGlobalSection
	GlobalSection(SolutionProperties) = preSolution
		HideSolutionNode = FALSE
	EndGlobalSection
	GlobalSection(ExtensibilityGlobals) = postSolution
		SolutionGuid = {EE60C6CF-2CED-4E74-8200-6A1D9A9786B4}
	EndGlobalSection
EndGlobal
